
Microsoft Visual Studio Solution File, Format Version 12.00
# Visual Studio Version 16
VisualStudioVersion = 16.0.30717.126
MinimumVisualStudioVersion = 10.0.40219.1
Project("{FAE04EC0-301F-11D3-BF4B-00C04F79EFBC}") = "ClansRevamped", "ClansRevamped\ClansRevamped.csproj", "{43820116-5864-4A06-A82C-F8C8A2CF63D1}"
EndProject
Global
	GlobalSection(SolutionConfigurationPlatforms) = preSolution
		Debug|Any CPU = Debug|Any CPU
		Release|Any CPU = Release|Any CPU
	EndGlobalSection
	GlobalSection(ProjectConfigurationPlatforms) = postSolution
		{43820116-5864-4A06-A82C-F8C8A2CF63D1}.Debug|Any CPU.ActiveCfg = Debug|Any CPU
		{43820116-5864-4A06-A82C-F8C8A2CF63D1}.Debug|Any CPU.Build.0 = Debug|Any CPU
		{43820116-5864-4A06-A82C-F8C8A2CF63D1}.Release|Any CPU.ActiveCfg = Release|Any CPU
		{43820116-5864-4A06-A82C-F8C8A2CF63D1}.Release|Any CPU.Build.0 = Release|Any CPU
	EndGlobalSection
	GlobalSection(SolutionProperties) = preSolution
		HideSolutionNode = FALSE
	EndGlobalSection
	GlobalSection(ExtensibilityGlobals) = postSolution
		SolutionGuid = {4CE5088C-D744-4784-9017-969C85B96BDF}
	EndGlobalSection
EndGlobal
